
Microsoft Visual Studio Solution File, Format Version 12.00
# Visual Studio Version 16
VisualStudioVersion = 16.0.30114.105
MinimumVisualStudioVersion = 10.0.40219.1
Project("{FAE04EC0-301F-11D3-BF4B-00C04F79EFBC}") = "day1", "day1\day1.csproj", "{F241F84E-7D0D-45FE-9933-FB2902DAFD1B}"
EndProject
Project("{FAE04EC0-301F-11D3-BF4B-00C04F79EFBC}") = "day2", "day2\day2.csproj", "{B06E581C-1C8E-458D-935D-19B176A09C29}"
EndProject
Project("{FAE04EC0-301F-11D3-BF4B-00C04F79EFBC}") = "day3", "day3\day3.csproj", "{C147F4C2-DDDC-4B53-B47C-BE99BDE2B528}"
EndProject
Project("{FAE04EC0-301F-11D3-BF4B-00C04F79EFBC}") = "day4", "day4\day4.csproj", "{35EA8F54-3CC1-4DF6-8A7D-6487146FB7F0}"
EndProject
Project("{FAE04EC0-301F-11D3-BF4B-00C04F79EFBC}") = "day5", "day5\day5.csproj", "{BA8C83BB-FB0E-4657-BB43-CF3B9B4AEF2E}"
EndProject
Project("{FAE04EC0-301F-11D3-BF4B-00C04F79EFBC}") = "day6", "day6\day6.csproj", "{137BB284-1DDC-4387-AD2B-EF9AE5CAFA18}"
EndProject
Project("{FAE04EC0-301F-11D3-BF4B-00C04F79EFBC}") = "day7", "day7\day7.csproj", "{651B88C0-5E63-46FC-9A0E-B849A273BBA0}"
EndProject
Project("{FAE04EC0-301F-11D3-BF4B-00C04F79EFBC}") = "day8", "day8\day8.csproj", "{FFE07506-627D-4367-AF81-C1AF1BAEC8E1}"
EndProject
Project("{FAE04EC0-301F-11D3-BF4B-00C04F79EFBC}") = "day9", "day9\day9.csproj", "{321DFC6C-8BAC-4D8E-9157-C01FAA7B752B}"
EndProject
Project("{FAE04EC0-301F-11D3-BF4B-00C04F79EFBC}") = "day10", "day10\day10.csproj", "{CDCF9D98-3822-4130-880A-846ECDBF38F0}"
EndProject
Project("{FAE04EC0-301F-11D3-BF4B-00C04F79EFBC}") = "day11", "day11\day11.csproj", "{FF0959EA-31D1-4FA6-A969-10209735B68A}"
EndProject
Project("{FAE04EC0-301F-11D3-BF4B-00C04F79EFBC}") = "day12", "day12\day12.csproj", "{5E4E13CD-2837-494C-A3F9-7E8081C96BC7}"
EndProject
Project("{FAE04EC0-301F-11D3-BF4B-00C04F79EFBC}") = "day13", "day13\day13.csproj", "{895BAF6D-359A-471E-9CFE-0FD159A17787}"
EndProject
Project("{FAE04EC0-301F-11D3-BF4B-00C04F79EFBC}") = "day14", "day14\day14.csproj", "{724726EB-EAC5-4B47-9C18-6B647542A838}"
EndProject
Project("{FAE04EC0-301F-11D3-BF4B-00C04F79EFBC}") = "day15", "day15\day15.csproj", "{644971F2-3841-4586-B7F8-7E37D635631C}"
EndProject
Project("{FAE04EC0-301F-11D3-BF4B-00C04F79EFBC}") = "day17", "day17\day17.csproj", "{AC51FBD3-D56A-4577-B60D-12E0D9C9568A}"
EndProject
Project("{FAE04EC0-301F-11D3-BF4B-00C04F79EFBC}") = "day18", "day18\day18.csproj", "{AB3F01D5-5BD0-4B9B-917B-3351280573C0}"
EndProject
Project("{FAE04EC0-301F-11D3-BF4B-00C04F79EFBC}") = "day20", "day20\day20.csproj", "{764C6C2D-5604-4893-9AC6-6B874BA8247C}"
EndProject
Global
	GlobalSection(SolutionConfigurationPlatforms) = preSolution
		Debug|Any CPU = Debug|Any CPU
		Release|Any CPU = Release|Any CPU
	EndGlobalSection
	GlobalSection(SolutionProperties) = preSolution
		HideSolutionNode = FALSE
	EndGlobalSection
	GlobalSection(ProjectConfigurationPlatforms) = postSolution
		{F241F84E-7D0D-45FE-9933-FB2902DAFD1B}.Debug|Any CPU.ActiveCfg = Debug|Any CPU
		{F241F84E-7D0D-45FE-9933-FB2902DAFD1B}.Debug|Any CPU.Build.0 = Debug|Any CPU
		{F241F84E-7D0D-45FE-9933-FB2902DAFD1B}.Release|Any CPU.ActiveCfg = Release|Any CPU
		{F241F84E-7D0D-45FE-9933-FB2902DAFD1B}.Release|Any CPU.Build.0 = Release|Any CPU
		{B06E581C-1C8E-458D-935D-19B176A09C29}.Debug|Any CPU.ActiveCfg = Debug|Any CPU
		{B06E581C-1C8E-458D-935D-19B176A09C29}.Debug|Any CPU.Build.0 = Debug|Any CPU
		{B06E581C-1C8E-458D-935D-19B176A09C29}.Release|Any CPU.ActiveCfg = Release|Any CPU
		{B06E581C-1C8E-458D-935D-19B176A09C29}.Release|Any CPU.Build.0 = Release|Any CPU
		{C147F4C2-DDDC-4B53-B47C-BE99BDE2B528}.Debug|Any CPU.ActiveCfg = Debug|Any CPU
		{C147F4C2-DDDC-4B53-B47C-BE99BDE2B528}.Debug|Any CPU.Build.0 = Debug|Any CPU
		{C147F4C2-DDDC-4B53-B47C-BE99BDE2B528}.Release|Any CPU.ActiveCfg = Release|Any CPU
		{C147F4C2-DDDC-4B53-B47C-BE99BDE2B528}.Release|Any CPU.Build.0 = Release|Any CPU
		{35EA8F54-3CC1-4DF6-8A7D-6487146FB7F0}.Debug|Any CPU.ActiveCfg = Debug|Any CPU
		{35EA8F54-3CC1-4DF6-8A7D-6487146FB7F0}.Debug|Any CPU.Build.0 = Debug|Any CPU
		{35EA8F54-3CC1-4DF6-8A7D-6487146FB7F0}.Release|Any CPU.ActiveCfg = Release|Any CPU
		{35EA8F54-3CC1-4DF6-8A7D-6487146FB7F0}.Release|Any CPU.Build.0 = Release|Any CPU
		{BA8C83BB-FB0E-4657-BB43-CF3B9B4AEF2E}.Debug|Any CPU.ActiveCfg = Debug|Any CPU
		{BA8C83BB-FB0E-4657-BB43-CF3B9B4AEF2E}.Debug|Any CPU.Build.0 = Debug|Any CPU
		{BA8C83BB-FB0E-4657-BB43-CF3B9B4AEF2E}.Release|Any CPU.ActiveCfg = Release|Any CPU
		{BA8C83BB-FB0E-4657-BB43-CF3B9B4AEF2E}.Release|Any CPU.Build.0 = Release|Any CPU
		{137BB284-1DDC-4387-AD2B-EF9AE5CAFA18}.Debug|Any CPU.ActiveCfg = Debug|Any CPU
		{137BB284-1DDC-4387-AD2B-EF9AE5CAFA18}.Debug|Any CPU.Build.0 = Debug|Any CPU
		{137BB284-1DDC-4387-AD2B-EF9AE5CAFA18}.Release|Any CPU.ActiveCfg = Release|Any CPU
		{137BB284-1DDC-4387-AD2B-EF9AE5CAFA18}.Release|Any CPU.Build.0 = Release|Any CPU
		{651B88C0-5E63-46FC-9A0E-B849A273BBA0}.Debug|Any CPU.ActiveCfg = Debug|Any CPU
		{651B88C0-5E63-46FC-9A0E-B849A273BBA0}.Debug|Any CPU.Build.0 = Debug|Any CPU
		{651B88C0-5E63-46FC-9A0E-B849A273BBA0}.Release|Any CPU.ActiveCfg = Release|Any CPU
		{651B88C0-5E63-46FC-9A0E-B849A273BBA0}.Release|Any CPU.Build.0 = Release|Any CPU
		{FFE07506-627D-4367-AF81-C1AF1BAEC8E1}.Debug|Any CPU.ActiveCfg = Debug|Any CPU
		{FFE07506-627D-4367-AF81-C1AF1BAEC8E1}.Debug|Any CPU.Build.0 = Debug|Any CPU
		{FFE07506-627D-4367-AF81-C1AF1BAEC8E1}.Release|Any CPU.ActiveCfg = Release|Any CPU
		{FFE07506-627D-4367-AF81-C1AF1BAEC8E1}.Release|Any CPU.Build.0 = Release|Any CPU
		{321DFC6C-8BAC-4D8E-9157-C01FAA7B752B}.Debug|Any CPU.ActiveCfg = Debug|Any CPU
		{321DFC6C-8BAC-4D8E-9157-C01FAA7B752B}.Debug|Any CPU.Build.0 = Debug|Any CPU
		{321DFC6C-8BAC-4D8E-9157-C01FAA7B752B}.Release|Any CPU.ActiveCfg = Release|Any CPU
		{321DFC6C-8BAC-4D8E-9157-C01FAA7B752B}.Release|Any CPU.Build.0 = Release|Any CPU
		{CDCF9D98-3822-4130-880A-846ECDBF38F0}.Debug|Any CPU.ActiveCfg = Debug|Any CPU
		{CDCF9D98-3822-4130-880A-846ECDBF38F0}.Debug|Any CPU.Build.0 = Debug|Any CPU
		{CDCF9D98-3822-4130-880A-846ECDBF38F0}.Release|Any CPU.ActiveCfg = Release|Any CPU
		{CDCF9D98-3822-4130-880A-846ECDBF38F0}.Release|Any CPU.Build.0 = Release|Any CPU
		{FF0959EA-31D1-4FA6-A969-10209735B68A}.Debug|Any CPU.ActiveCfg = Debug|Any CPU
		{FF0959EA-31D1-4FA6-A969-10209735B68A}.Debug|Any CPU.Build.0 = Debug|Any CPU
		{FF0959EA-31D1-4FA6-A969-10209735B68A}.Release|Any CPU.ActiveCfg = Release|Any CPU
		{FF0959EA-31D1-4FA6-A969-10209735B68A}.Release|Any CPU.Build.0 = Release|Any CPU
		{5E4E13CD-2837-494C-A3F9-7E8081C96BC7}.Debug|Any CPU.ActiveCfg = Debug|Any CPU
		{5E4E13CD-2837-494C-A3F9-7E8081C96BC7}.Debug|Any CPU.Build.0 = Debug|Any CPU
		{5E4E13CD-2837-494C-A3F9-7E8081C96BC7}.Release|Any CPU.ActiveCfg = Release|Any CPU
		{5E4E13CD-2837-494C-A3F9-7E8081C96BC7}.Release|Any CPU.Build.0 = Release|Any CPU
		{895BAF6D-359A-471E-9CFE-0FD159A17787}.Debug|Any CPU.ActiveCfg = Debug|Any CPU
		{895BAF6D-359A-471E-9CFE-0FD159A17787}.Debug|Any CPU.Build.0 = Debug|Any CPU
		{895BAF6D-359A-471E-9CFE-0FD159A17787}.Release|Any CPU.ActiveCfg = Release|Any CPU
		{895BAF6D-359A-471E-9CFE-0FD159A17787}.Release|Any CPU.Build.0 = Release|Any CPU
		{724726EB-EAC5-4B47-9C18-6B647542A838}.Debug|Any CPU.ActiveCfg = Debug|Any CPU
		{724726EB-EAC5-4B47-9C18-6B647542A838}.Debug|Any CPU.Build.0 = Debug|Any CPU
		{724726EB-EAC5-4B47-9C18-6B647542A838}.Release|Any CPU.ActiveCfg = Release|Any CPU
		{724726EB-EAC5-4B47-9C18-6B647542A838}.Release|Any CPU.Build.0 = Release|Any CPU
		{644971F2-3841-4586-B7F8-7E37D635631C}.Debug|Any CPU.ActiveCfg = Debug|Any CPU
		{644971F2-3841-4586-B7F8-7E37D635631C}.Debug|Any CPU.Build.0 = Debug|Any CPU
		{644971F2-3841-4586-B7F8-7E37D635631C}.Release|Any CPU.ActiveCfg = Release|Any CPU
		{644971F2-3841-4586-B7F8-7E37D635631C}.Release|Any CPU.Build.0 = Release|Any CPU
		{AC51FBD3-D56A-4577-B60D-12E0D9C9568A}.Debug|Any CPU.ActiveCfg = Debug|Any CPU
		{AC51FBD3-D56A-4577-B60D-12E0D9C9568A}.Debug|Any CPU.Build.0 = Debug|Any CPU
		{AC51FBD3-D56A-4577-B60D-12E0D9C9568A}.Release|Any CPU.ActiveCfg = Release|Any CPU
		{AC51FBD3-D56A-4577-B60D-12E0D9C9568A}.Release|Any CPU.Build.0 = Release|Any CPU
		{AB3F01D5-5BD0-4B9B-917B-3351280573C0}.Debug|Any CPU.ActiveCfg = Debug|Any CPU
		{AB3F01D5-5BD0-4B9B-917B-3351280573C0}.Debug|Any CPU.Build.0 = Debug|Any CPU
		{AB3F01D5-5BD0-4B9B-917B-3351280573C0}.Release|Any CPU.ActiveCfg = Release|Any CPU
		{AB3F01D5-5BD0-4B9B-917B-3351280573C0}.Release|Any CPU.Build.0 = Release|Any CPU
		{764C6C2D-5604-4893-9AC6-6B874BA8247C}.Debug|Any CPU.ActiveCfg = Debug|Any CPU
		{764C6C2D-5604-4893-9AC6-6B874BA8247C}.Debug|Any CPU.Build.0 = Debug|Any CPU
		{764C6C2D-5604-4893-9AC6-6B874BA8247C}.Release|Any CPU.ActiveCfg = Release|Any CPU
		{764C6C2D-5604-4893-9AC6-6B874BA8247C}.Release|Any CPU.Build.0 = Release|Any CPU
	EndGlobalSection
EndGlobal
